
Microsoft Visual Studio Solution File, Format Version 12.00
# Visual Studio 15
VisualStudioVersion = 15.0.27130.2010
MinimumVisualStudioVersion = 10.0.40219.1
Project("{FAE04EC0-301F-11D3-BF4B-00C04F79EFBC}") = "SampleApp.Droid", "SampleApp.Droid\SampleApp.Droid.csproj", "{D073EAAF-932D-4A8C-8605-4FE306ACE689}"
EndProject
Project("{9A19103F-16F7-4668-BE54-9A1E7A4F7556}") = "Wibci.Xamarin.Forms.Converters", "Wibci.Xamarin.Forms.Converters\Wibci.Xamarin.Forms.Converters.csproj", "{2CECE86B-B09C-4497-B8CF-198FAED0EFA5}"
EndProject
Project("{9A19103F-16F7-4668-BE54-9A1E7A4F7556}") = "Converters.SampleApp", "SampleApp\Converters.SampleApp.csproj", "{42EDF6F3-9C48-4AE2-8E31-D2C6DA1EA6B9}"
EndProject
Global
	GlobalSection(SolutionConfigurationPlatforms) = preSolution
		Ad-Hoc|Any CPU = Ad-Hoc|Any CPU
		Ad-Hoc|iPhone = Ad-Hoc|iPhone
		Ad-Hoc|iPhoneSimulator = Ad-Hoc|iPhoneSimulator
		AppStore|Any CPU = AppStore|Any CPU
		AppStore|iPhone = AppStore|iPhone
		AppStore|iPhoneSimulator = AppStore|iPhoneSimulator
		Debug|Any CPU = Debug|Any CPU
		Debug|iPhone = Debug|iPhone
		Debug|iPhoneSimulator = Debug|iPhoneSimulator
		Release|Any CPU = Release|Any CPU
		Release|iPhone = Release|iPhone
		Release|iPhoneSimulator = Release|iPhoneSimulator
	EndGlobalSection
	GlobalSection(ProjectConfigurationPlatforms) = postSolution
		{D073EAAF-932D-4A8C-8605-4FE306ACE689}.Ad-Hoc|Any CPU.ActiveCfg = Release|Any CPU
		{D073EAAF-932D-4A8C-8605-4FE306ACE689}.Ad-Hoc|Any CPU.Build.0 = Release|Any CPU
		{D073EAAF-932D-4A8C-8605-4FE306ACE689}.Ad-Hoc|Any CPU.Deploy.0 = Release|Any CPU
		{D073EAAF-932D-4A8C-8605-4FE306ACE689}.Ad-Hoc|iPhone.ActiveCfg = Release|Any CPU
		{D073EAAF-932D-4A8C-8605-4FE306ACE689}.Ad-Hoc|iPhone.Build.0 = Release|Any CPU
		{D073EAAF-932D-4A8C-8605-4FE306ACE689}.Ad-Hoc|iPhone.Deploy.0 = Release|Any CPU
		{D073EAAF-932D-4A8C-8605-4FE306ACE689}.Ad-Hoc|iPhoneSimulator.ActiveCfg = Release|Any CPU
		{D073EAAF-932D-4A8C-8605-4FE306ACE689}.Ad-Hoc|iPhoneSimulator.Build.0 = Release|Any CPU
		{D073EAAF-932D-4A8C-8605-4FE306ACE689}.Ad-Hoc|iPhoneSimulator.Deploy.0 = Release|Any CPU
		{D073EAAF-932D-4A8C-8605-4FE306ACE689}.AppStore|Any CPU.ActiveCfg = Release|Any CPU
		{D073EAAF-932D-4A8C-8605-4FE306ACE689}.AppStore|Any CPU.Build.0 = Release|Any CPU
		{D073EAAF-932D-4A8C-8605-4FE306ACE689}.AppStore|Any CPU.Deploy.0 = Release|Any CPU
		{D073EAAF-932D-4A8C-8605-4FE306ACE689}.AppStore|iPhone.ActiveCfg = Release|Any CPU
		{D073EAAF-932D-4A8C-8605-4FE306ACE689}.AppStore|iPhone.Build.0 = Release|Any CPU
		{D073EAAF-932D-4A8C-8605-4FE306ACE689}.AppStore|iPhone.Deploy.0 = Release|Any CPU
		{D073EAAF-932D-4A8C-8605-4FE306ACE689}.AppStore|iPhoneSimulator.ActiveCfg = Release|Any CPU
		{D073EAAF-932D-4A8C-8605-4FE306ACE689}.AppStore|iPhoneSimulator.Build.0 = Release|Any CPU
		{D073EAAF-932D-4A8C-8605-4FE306ACE689}.AppStore|iPhoneSimulator.Deploy.0 = Release|Any CPU
		{D073EAAF-932D-4A8C-8605-4FE306ACE689}.Debug|Any CPU.ActiveCfg = Debug|Any CPU
		{D073EAAF-932D-4A8C-8605-4FE306ACE689}.Debug|Any CPU.Build.0 = Debug|Any CPU
		{D073EAAF-932D-4A8C-8605-4FE306ACE689}.Debug|Any CPU.Deploy.0 = Debug|Any CPU
		{D073EAAF-932D-4A8C-8605-4FE306ACE689}.Debug|iPhone.ActiveCfg = Debug|Any CPU
		{D073EAAF-932D-4A8C-8605-4FE306ACE689}.Debug|iPhone.Build.0 = Debug|Any CPU
		{D073EAAF-932D-4A8C-8605-4FE306ACE689}.Debug|iPhone.Deploy.0 = Debug|Any CPU
		{D073EAAF-932D-4A8C-8605-4FE306ACE689}.Debug|iPhoneSimulator.ActiveCfg = Debug|Any CPU
		{D073EAAF-932D-4A8C-8605-4FE306ACE689}.Debug|iPhoneSimulator.Build.0 = Debug|Any CPU
		{D073EAAF-932D-4A8C-8605-4FE306ACE689}.Debug|iPhoneSimulator.Deploy.0 = Debug|Any CPU
		{D073EAAF-932D-4A8C-8605-4FE306ACE689}.Release|Any CPU.ActiveCfg = Release|Any CPU
		{D073EAAF-932D-4A8C-8605-4FE306ACE689}.Release|Any CPU.Build.0 = Release|Any CPU
		{D073EAAF-932D-4A8C-8605-4FE306ACE689}.Release|Any CPU.Deploy.0 = Release|Any CPU
		{D073EAAF-932D-4A8C-8605-4FE306ACE689}.Release|iPhone.ActiveCfg = Release|Any CPU
		{D073EAAF-932D-4A8C-8605-4FE306ACE689}.Release|iPhone.Build.0 = Release|Any CPU
		{D073EAAF-932D-4A8C-8605-4FE306ACE689}.Release|iPhone.Deploy.0 = Release|Any CPU
		{D073EAAF-932D-4A8C-8605-4FE306ACE689}.Release|iPhoneSimulator.ActiveCfg = Release|Any CPU
		{D073EAAF-932D-4A8C-8605-4FE306ACE689}.Release|iPhoneSimulator.Build.0 = Release|Any CPU
		{D073EAAF-932D-4A8C-8605-4FE306ACE689}.Release|iPhoneSimulator.Deploy.0 = Release|Any CPU
		{2CECE86B-B09C-4497-B8CF-198FAED0EFA5}.Ad-Hoc|Any CPU.ActiveCfg = Debug|Any CPU
		{2CECE86B-B09C-4497-B8CF-198FAED0EFA5}.Ad-Hoc|Any CPU.Build.0 = Debug|Any CPU
		{2CECE86B-B09C-4497-B8CF-198FAED0EFA5}.Ad-Hoc|iPhone.ActiveCfg = Debug|Any CPU
		{2CECE86B-B09C-4497-B8CF-198FAED0EFA5}.Ad-Hoc|iPhone.Build.0 = Debug|Any CPU
		{2CECE86B-B09C-4497-B8CF-198FAED0EFA5}.Ad-Hoc|iPhoneSimulator.ActiveCfg = Debug|Any CPU
		{2CECE86B-B09C-4497-B8CF-198FAED0EFA5}.Ad-Hoc|iPhoneSimulator.Build.0 = Debug|Any CPU
		{2CECE86B-B09C-4497-B8CF-198FAED0EFA5}.AppStore|Any CPU.ActiveCfg = Debug|Any CPU
		{2CECE86B-B09C-4497-B8CF-198FAED0EFA5}.AppStore|Any CPU.Build.0 = Debug|Any CPU
		{2CECE86B-B09C-4497-B8CF-198FAED0EFA5}.AppStore|iPhone.ActiveCfg = Debug|Any CPU
		{2CECE86B-B09C-4497-B8CF-198FAED0EFA5}.AppStore|iPhone.Build.0 = Debug|Any CPU
		{2CECE86B-B09C-4497-B8CF-198FAED0EFA5}.AppStore|iPhoneSimulator.ActiveCfg = Debug|Any CPU
		{2CECE86B-B09C-4497-B8CF-198FAED0EFA5}.AppStore|iPhoneSimulator.Build.0 = Debug|Any CPU
		{2CECE86B-B09C-4497-B8CF-198FAED0EFA5}.Debug|Any CPU.ActiveCfg = Debug|Any CPU
		{2CECE86B-B09C-4497-B8CF-198FAED0EFA5}.Debug|Any CPU.Build.0 = Debug|Any CPU
		{2CECE86B-B09C-4497-B8CF-198FAED0EFA5}.Debug|iPhone.ActiveCfg = Debug|Any CPU
		{2CECE86B-B09C-4497-B8CF-198FAED0EFA5}.Debug|iPhone.Build.0 = Debug|Any CPU
		{2CECE86B-B09C-4497-B8CF-198FAED0EFA5}.Debug|iPhoneSimulator.ActiveCfg = Debug|Any CPU
		{2CECE86B-B09C-4497-B8CF-198FAED0EFA5}.Debug|iPhoneSimulator.Build.0 = Debug|Any CPU
		{2CECE86B-B09C-4497-B8CF-198FAED0EFA5}.Release|Any CPU.ActiveCfg = Release|Any CPU
		{2CECE86B-B09C-4497-B8CF-198FAED0EFA5}.Release|Any CPU.Build.0 = Release|Any CPU
		{2CECE86B-B09C-4497-B8CF-198FAED0EFA5}.Release|iPhone.ActiveCfg = Release|Any CPU
		{2CECE86B-B09C-4497-B8CF-198FAED0EFA5}.Release|iPhone.Build.0 = Release|Any CPU
		{2CECE86B-B09C-4497-B8CF-198FAED0EFA5}.Release|iPhoneSimulator.ActiveCfg = Release|Any CPU
		{2CECE86B-B09C-4497-B8CF-198FAED0EFA5}.Release|iPhoneSimulator.Build.0 = Release|Any CPU
		{42EDF6F3-9C48-4AE2-8E31-D2C6DA1EA6B9}.Ad-Hoc|Any CPU.ActiveCfg = Debug|Any CPU
		{42EDF6F3-9C48-4AE2-8E31-D2C6DA1EA6B9}.Ad-Hoc|Any CPU.Build.0 = Debug|Any CPU
		{42EDF6F3-9C48-4AE2-8E31-D2C6DA1EA6B9}.Ad-Hoc|iPhone.ActiveCfg = Debug|Any CPU
		{42EDF6F3-9C48-4AE2-8E31-D2C6DA1EA6B9}.Ad-Hoc|iPhone.Build.0 = Debug|Any CPU
		{42EDF6F3-9C48-4AE2-8E31-D2C6DA1EA6B9}.Ad-Hoc|iPhoneSimulator.ActiveCfg = Debug|Any CPU
		{42EDF6F3-9C48-4AE2-8E31-D2C6DA1EA6B9}.Ad-Hoc|iPhoneSimulator.Build.0 = Debug|Any CPU
		{42EDF6F3-9C48-4AE2-8E31-D2C6DA1EA6B9}.AppStore|Any CPU.ActiveCfg = Debug|Any CPU
		{42EDF6F3-9C48-4AE2-8E31-D2C6DA1EA6B9}.AppStore|Any CPU.Build.0 = Debug|Any CPU
		{42EDF6F3-9C48-4AE2-8E31-D2C6DA1EA6B9}.AppStore|iPhone.ActiveCfg = Debug|Any CPU
		{42EDF6F3-9C48-4AE2-8E31-D2C6DA1EA6B9}.AppStore|iPhone.Build.0 = Debug|Any CPU
		{42EDF6F3-9C48-4AE2-8E31-D2C6DA1EA6B9}.AppStore|iPhoneSimulator.ActiveCfg = Debug|Any CPU
		{42EDF6F3-9C48-4AE2-8E31-D2C6DA1EA6B9}.AppStore|iPhoneSimulator.Build.0 = Debug|Any CPU
		{42EDF6F3-9C48-4AE2-8E31-D2C6DA1EA6B9}.Debug|Any CPU.ActiveCfg = Debug|Any CPU
		{42EDF6F3-9C48-4AE2-8E31-D2C6DA1EA6B9}.Debug|Any CPU.Build.0 = Debug|Any CPU
		{42EDF6F3-9C48-4AE2-8E31-D2C6DA1EA6B9}.Debug|iPhone.ActiveCfg = Debug|Any CPU
		{42EDF6F3-9C48-4AE2-8E31-D2C6DA1EA6B9}.Debug|iPhone.Build.0 = Debug|Any CPU
		{42EDF6F3-9C48-4AE2-8E31-D2C6DA1EA6B9}.Debug|iPhoneSimulator.ActiveCfg = Debug|Any CPU
		{42EDF6F3-9C48-4AE2-8E31-D2C6DA1EA6B9}.Debug|iPhoneSimulator.Build.0 = Debug|Any CPU
		{42EDF6F3-9C48-4AE2-8E31-D2C6DA1EA6B9}.Release|Any CPU.ActiveCfg = Release|Any CPU
		{42EDF6F3-9C48-4AE2-8E31-D2C6DA1EA6B9}.Release|Any CPU.Build.0 = Release|Any CPU
		{42EDF6F3-9C48-4AE2-8E31-D2C6DA1EA6B9}.Release|iPhone.ActiveCfg = Release|Any CPU
		{42EDF6F3-9C48-4AE2-8E31-D2C6DA1EA6B9}.Release|iPhone.Build.0 = Release|Any CPU
		{42EDF6F3-9C48-4AE2-8E31-D2C6DA1EA6B9}.Release|iPhoneSimulator.ActiveCfg = Release|Any CPU
		{42EDF6F3-9C48-4AE2-8E31-D2C6DA1EA6B9}.Release|iPhoneSimulator.Build.0 = Release|Any CPU
	EndGlobalSection
	GlobalSection(SolutionProperties) = preSolution
		HideSolutionNode = FALSE
	EndGlobalSection
	GlobalSection(ExtensibilityGlobals) = postSolution
		SolutionGuid = {2ADB4C38-8DA5-4474-9582-57B208C8F753}
	EndGlobalSection
EndGlobal
